
Microsoft Visual Studio Solution File, Format Version 12.00
# Visual Studio Version 17
VisualStudioVersion = 17.6.33815.320
MinimumVisualStudioVersion = 10.0.40219.1
Project("{FAE04EC0-301F-11D3-BF4B-00C04F79EFBC}") = "Phase3Section5.7", "Phase3Section5.7\Phase3Section5.7.csproj", "{F0CB397D-4F6F-433B-A6FF-E7A16B453B4C}"
EndProject
Global
	GlobalSection(SolutionConfigurationPlatforms) = preSolution
		Debug|Any CPU = Debug|Any CPU
		Release|Any CPU = Release|Any CPU
	EndGlobalSection
	GlobalSection(ProjectConfigurationPlatforms) = postSolution
		{F0CB397D-4F6F-433B-A6FF-E7A16B453B4C}.Debug|Any CPU.ActiveCfg = Debug|Any CPU
		{F0CB397D-4F6F-433B-A6FF-E7A16B453B4C}.Debug|Any CPU.Build.0 = Debug|Any CPU
		{F0CB397D-4F6F-433B-A6FF-E7A16B453B4C}.Release|Any CPU.ActiveCfg = Release|Any CPU
		{F0CB397D-4F6F-433B-A6FF-E7A16B453B4C}.Release|Any CPU.Build.0 = Release|Any CPU
	EndGlobalSection
	GlobalSection(SolutionProperties) = preSolution
		HideSolutionNode = FALSE
	EndGlobalSection
	GlobalSection(ExtensibilityGlobals) = postSolution
		SolutionGuid = {EE8E3192-5801-4CFF-8869-061D15975A2D}
	EndGlobalSection
EndGlobal
